// !$*UTF8*$!
{
	archiveVersion = 1;
	classes = {
	};
	objectVersion = 56;
	objects = {

/* Begin PBXBuildFile section */
		6F0285192D5EB17000E3BA11 /* Lab1_Kevin_BhanguApp.swift in Sources */ = {isa = PBXBuildFile; fileRef = 6F0285182D5EB17000E3BA11 /* Lab1_Kevin_BhanguApp.swift */; };
		6F02851B2D5EB17000E3BA11 /* ContentView.swift in Sources */ = {isa = PBXBuildFile; fileRef = 6F02851A2D5EB17000E3BA11 /* ContentView.swift */; };
		6F02851D2D5EB17100E3BA11 /* Assets.xcassets in Resources */ = {isa = PBXBuildFile; fileRef = 6F02851C2D5EB17100E3BA11 /* Assets.xcassets */; };
		6F0285202D5EB17100E3BA11 /* Preview Assets.xcassets in Resources */ = {isa = PBXBuildFile; fileRef = 6F02851F2D5EB17100E3BA11 /* Preview Assets.xcassets */; };
		6F02852A2D5EB17100E3BA11 /* Lab1_Kevin_BhanguTests.swift in Sources */ = {isa = PBXBuildFile; fileRef = 6F0285292D5EB17100E3BA11 /* Lab1_Kevin_BhanguTests.swift */; };
		6F0285342D5EB17100E3BA11 /* Lab1_Kevin_BhanguUITests.swift in Sources */ = {isa = PBXBuildFile; fileRef = 6F0285332D5EB17100E3BA11 /* Lab1_Kevin_BhanguUITests.swift */; };
		6F0285362D5EB17200E3BA11 /* Lab1_Kevin_BhanguUITestsLaunchTests.swift in Sources */ = {isa = PBXBuildFile; fileRef = 6F0285352D5EB17200E3BA11 /* Lab1_Kevin_BhanguUITestsLaunchTests.swift */; };
/* End PBXBuildFile section */

/* Begin PBXContainerItemProxy section */
		6F0285262D5EB17100E3BA11 /* PBXContainerItemProxy */ = {
			isa = PBXContainerItemProxy;
			containerPortal = 6F02850D2D5EB17000E3BA11 /* Project object */;
			proxyType = 1;
			remoteGlobalIDString = 6F0285142D5EB17000E3BA11;
			remoteInfo = Lab1_Kevin_Bhangu;
		};
		6F0285302D5EB17100E3BA11 /* PBXContainerItemProxy */ = {
			isa = PBXContainerItemProxy;
			containerPortal = 6F02850D2D5EB17000E3BA11 /* Project object */;
			proxyType = 1;
			remoteGlobalIDString = 6F0285142D5EB17000E3BA11;
			remoteInfo = Lab1_Kevin_Bhangu;
		};
/* End PBXContainerItemProxy section */

/* Begin PBXFileReference section */
		6F0285152D5EB17000E3BA11 /* Lab1_Kevin_Bhangu.app */ = {isa = PBXFileReference; explicitFileType = wrapper.application; includeInIndex = 0; path = Lab1_Kevin_Bhangu.app; sourceTree = BUILT_PRODUCTS_DIR; };
		6F0285182D5EB17000E3BA11 /* Lab1_Kevin_BhanguApp.swift */ = {isa = PBXFileReference; lastKnownFileType = sourcecode.swift; path = Lab1_Kevin_BhanguApp.swift; sourceTree = "<group>"; };
		6F02851A2D5EB17000E3BA11 /* ContentView.swift */ = {isa = PBXFileReference; lastKnownFileType = sourcecode.swift; path = ContentView.swift; sourceTree = "<group>"; };
		6F02851C2D5EB17100E3BA11 /* Assets.xcassets */ = {isa = PBXFileReference; lastKnownFileType = folder.assetcatalog; path = Assets.xcassets; sourceTree = "<group>"; };
		6F02851F2D5EB17100E3BA11 /* Preview Assets.xcassets */ = {isa = PBXFileReference; lastKnownFileType = folder.assetcatalog; path = "Preview Assets.xcassets"; sourceTree = "<group>"; };
		6F0285252D5EB17100E3BA11 /* Lab1_Kevin_BhanguTests.xctest */ = {isa = PBXFileReference; explicitFileType = wrapper.cfbundle; includeInIndex = 0; path = Lab1_Kevin_BhanguTests.xctest; sourceTree = BUILT_PRODUCTS_DIR; };
		6F0285292D5EB17100E3BA11 /* Lab1_Kevin_BhanguTests.swift */ = {isa = PBXFileReference; lastKnownFileType = sourcecode.swift; path = Lab1_Kevin_BhanguTests.swift; sourceTree = "<group>"; };
		6F02852F2D5EB17100E3BA11 /* Lab1_Kevin_BhanguUITests.xctest */ = {isa = PBXFileReference; explicitFileType = wrapper.cfbundle; includeInIndex = 0; path = Lab1_Kevin_BhanguUITests.xctest; sourceTree = BUILT_PRODUCTS_DIR; };
		6F0285332D5EB17100E3BA11 /* Lab1_Kevin_BhanguUITests.swift */ = {isa = PBXFileReference; lastKnownFileType = sourcecode.swift; path = Lab1_Kevin_BhanguUITests.swift; sourceTree = "<group>"; };
		6F0285352D5EB17200E3BA11 /* Lab1_Kevin_BhanguUITestsLaunchTests.swift */ = {isa = PBXFileReference; lastKnownFileType = sourcecode.swift; path = Lab1_Kevin_BhanguUITestsLaunchTests.swift; sourceTree = "<group>"; };
/* End PBXFileReference section */

/* Begin PBXFrameworksBuildPhase section */
		6F0285122D5EB17000E3BA11 /* Frameworks */ = {
			isa = PBXFrameworksBuildPhase;
			buildActionMask = 2147483647;
			files = (
			);
			runOnlyForDeploymentPostprocessing = 0;
		};
		6F0285222D5EB17100E3BA11 /* Frameworks */ = {
			isa = PBXFrameworksBuildPhase;
			buildActionMask = 2147483647;
			files = (
			);
			runOnlyForDeploymentPostprocessing = 0;
		};
		6F02852C2D5EB17100E3BA11 /* Frameworks */ = {
			isa = PBXFrameworksBuildPhase;
			buildActionMask = 2147483647;
			files = (
			);
			runOnlyForDeploymentPostprocessing = 0;
		};
/* End PBXFrameworksBuildPhase section */

/* Begin PBXGroup section */
		6F02850C2D5EB17000E3BA11 = {
			isa = PBXGroup;
			children = (
				6F0285172D5EB17000E3BA11 /* Lab1_Kevin_Bhangu */,
				6F0285282D5EB17100E3BA11 /* Lab1_Kevin_BhanguTests */,
				6F0285322D5EB17100E3BA11 /* Lab1_Kevin_BhanguUITests */,
				6F0285162D5EB17000E3BA11 /* Products */,
			);
			sourceTree = "<group>";
		};
		6F0285162D5EB17000E3BA11 /* Products */ = {
			isa = PBXGroup;
			children = (
				6F0285152D5EB17000E3BA11 /* Lab1_Kevin_Bhangu.app */,
				6F0285252D5EB17100E3BA11 /* Lab1_Kevin_BhanguTests.xctest */,
				6F02852F2D5EB17100E3BA11 /* Lab1_Kevin_BhanguUITests.xctest */,
			);
			name = Products;
			sourceTree = "<group>";
		};
		6F0285172D5EB17000E3BA11 /* Lab1_Kevin_Bhangu */ = {
			isa = PBXGroup;
			children = (
				6F0285182D5EB17000E3BA11 /* Lab1_Kevin_BhanguApp.swift */,
				6F02851A2D5EB17000E3BA11 /* ContentView.swift */,
				6F02851C2D5EB17100E3BA11 /* Assets.xcassets */,
				6F02851E2D5EB17100E3BA11 /* Preview Content */,
			);
			path = Lab1_Kevin_Bhangu;
			sourceTree = "<group>";
		};
		6F02851E2D5EB17100E3BA11 /* Preview Content */ = {
			isa = PBXGroup;
			children = (
				6F02851F2D5EB17100E3BA11 /* Preview Assets.xcassets */,
			);
			path = "Preview Content";
			sourceTree = "<group>";
		};
		6F0285282D5EB17100E3BA11 /* Lab1_Kevin_BhanguTests */ = {
			isa = PBXGroup;
			children = (
				6F0285292D5EB17100E3BA11 /* Lab1_Kevin_BhanguTests.swift */,
			);
			path = Lab1_Kevin_BhanguTests;
			sourceTree = "<group>";
		};
		6F0285322D5EB17100E3BA11 /* Lab1_Kevin_BhanguUITests */ = {
			isa = PBXGroup;
			children = (
				6F0285332D5EB17100E3BA11 /* Lab1_Kevin_BhanguUITests.swift */,
				6F0285352D5EB17200E3BA11 /* Lab1_Kevin_BhanguUITestsLaunchTests.swift */,
			);
			path = Lab1_Kevin_BhanguUITests;
			sourceTree = "<group>";
		};
/* End PBXGroup section */

/* Begin PBXNativeTarget section */
		6F0285142D5EB17000E3BA11 /* Lab1_Kevin_Bhangu */ = {
			isa = PBXNativeTarget;
			buildConfigurationList = 6F0285392D5EB17200E3BA11 /* Build configuration list for PBXNativeTarget "Lab1_Kevin_Bhangu" */;
			buildPhases = (
				6F0285112D5EB17000E3BA11 /* Sources */,
				6F0285122D5EB17000E3BA11 /* Frameworks */,
				6F0285132D5EB17000E3BA11 /* Resources */,
			);
			buildRules = (
			);
			dependencies = (
			);
			name = Lab1_Kevin_Bhangu;
			productName = Lab1_Kevin_Bhangu;
			productReference = 6F0285152D5EB17000E3BA11 /* Lab1_Kevin_Bhangu.app */;
			productType = "com.apple.product-type.application";
		};
		6F0285242D5EB17100E3BA11 /* Lab1_Kevin_BhanguTests */ = {
			isa = PBXNativeTarget;
			buildConfigurationList = 6F02853C2D5EB17200E3BA11 /* Build configuration list for PBXNativeTarget "Lab1_Kevin_BhanguTests" */;
			buildPhases = (
				6F0285212D5EB17100E3BA11 /* Sources */,
				6F0285222D5EB17100E3BA11 /* Frameworks */,
				6F0285232D5EB17100E3BA11 /* Resources */,
			);
			buildRules = (
			);
			dependencies = (
				6F0285272D5EB17100E3BA11 /* PBXTargetDependency */,
			);
			name = Lab1_Kevin_BhanguTests;
			productName = Lab1_Kevin_BhanguTests;
			productReference = 6F0285252D5EB17100E3BA11 /* Lab1_Kevin_BhanguTests.xctest */;
			productType = "com.apple.product-type.bundle.unit-test";
		};
		6F02852E2D5EB17100E3BA11 /* Lab1_Kevin_BhanguUITests */ = {
			isa = PBXNativeTarget;
			buildConfigurationList = 6F02853F2D5EB17200E3BA11 /* Build configuration list for PBXNativeTarget "Lab1_Kevin_BhanguUITests" */;
			buildPhases = (
				6F02852B2D5EB17100E3BA11 /* Sources */,
				6F02852C2D5EB17100E3BA11 /* Frameworks */,
				6F02852D2D5EB17100E3BA11 /* Resources */,
			);
			buildRules = (
			);
			dependencies = (
				6F0285312D5EB17100E3BA11 /* PBXTargetDependency */,
			);
			name = Lab1_Kevin_BhanguUITests;
			productName = Lab1_Kevin_BhanguUITests;
			productReference = 6F02852F2D5EB17100E3BA11 /* Lab1_Kevin_BhanguUITests.xctest */;
			productType = "com.apple.product-type.bundle.ui-testing";
		};
/* End PBXNativeTarget section */

/* Begin PBXProject section */
		6F02850D2D5EB17000E3BA11 /* Project object */ = {
			isa = PBXProject;
			attributes = {
				BuildIndependentTargetsInParallel = 1;
				LastSwiftUpdateCheck = 1540;
				LastUpgradeCheck = 1540;
				TargetAttributes = {
					6F0285142D5EB17000E3BA11 = {
						CreatedOnToolsVersion = 15.4;
					};
					6F0285242D5EB17100E3BA11 = {
						CreatedOnToolsVersion = 15.4;
						TestTargetID = 6F0285142D5EB17000E3BA11;
					};
					6F02852E2D5EB17100E3BA11 = {
						CreatedOnToolsVersion = 15.4;
						TestTargetID = 6F0285142D5EB17000E3BA11;
					};
				};
			};
			buildConfigurationList = 6F0285102D5EB17000E3BA11 /* Build configuration list for PBXProject "Lab1_Kevin_Bhangu" */;
			compatibilityVersion = "Xcode 14.0";
			developmentRegion = en;
			hasScannedForEncodings = 0;
			knownRegions = (
				en,
				Base,
			);
			mainGroup = 6F02850C2D5EB17000E3BA11;
			productRefGroup = 6F0285162D5EB17000E3BA11 /* Products */;
			projectDirPath = "";
			projectRoot = "";
			targets = (
				6F0285142D5EB17000E3BA11 /* Lab1_Kevin_Bhangu */,
				6F0285242D5EB17100E3BA11 /* Lab1_Kevin_BhanguTests */,
				6F02852E2D5EB17100E3BA11 /* Lab1_Kevin_BhanguUITests */,
			);
		};
/* End PBXProject section */

/* Begin PBXResourcesBuildPhase section */
		6F0285132D5EB17000E3BA11 /* Resources */ = {
			isa = PBXResourcesBuildPhase;
			buildActionMask = 2147483647;
			files = (
				6F0285202D5EB17100E3BA11 /* Preview Assets.xcassets in Resources */,
				6F02851D2D5EB17100E3BA11 /* Assets.xcassets in Resources */,
			);
			runOnlyForDeploymentPostprocessing = 0;
		};
		6F0285232D5EB17100E3BA11 /* Resources */ = {
			isa = PBXResourcesBuildPhase;
			buildActionMask = 2147483647;
			files = (
			);
			runOnlyForDeploymentPostprocessing = 0;
		};
		6F02852D2D5EB17100E3BA11 /* Resources */ = {
			isa = PBXResourcesBuildPhase;
			buildActionMask = 2147483647;
			files = (
			);
			runOnlyForDeploymentPostprocessing = 0;
		};
/* End PBXResourcesBuildPhase section */

/* Begin PBXSourcesBuildPhase section */
		6F0285112D5EB17000E3BA11 /* Sources */ = {
			isa = PBXSourcesBuildPhase;
			buildActionMask = 2147483647;
			files = (
				6F02851B2D5EB17000E3BA11 /* ContentView.swift in Sources */,
				6F0285192D5EB17000E3BA11 /* Lab1_Kevin_BhanguApp.swift in Sources */,
			);
			runOnlyForDeploymentPostprocessing = 0;
		};
		6F0285212D5EB17100E3BA11 /* Sources */ = {
			isa = PBXSourcesBuildPhase;
			buildActionMask = 2147483647;
			files = (
				6F02852A2D5EB17100E3BA11 /* Lab1_Kevin_BhanguTests.swift in Sources */,
			);
			runOnlyForDeploymentPostprocessing = 0;
		};
		6F02852B2D5EB17100E3BA11 /* Sources */ = {
			isa = PBXSourcesBuildPhase;
			buildActionMask = 2147483647;
			files = (
				6F0285342D5EB17100E3BA11 /* Lab1_Kevin_BhanguUITests.swift in Sources */,
				6F0285362D5EB17200E3BA11 /* Lab1_Kevin_BhanguUITestsLaunchTests.swift in Sources */,
			);
			runOnlyForDeploymentPostprocessing = 0;
		};
/* End PBXSourcesBuildPhase section */

/* Begin PBXTargetDependency section */
		6F0285272D5EB17100E3BA11 /* PBXTargetDependency */ = {
			isa = PBXTargetDependency;
			target = 6F0285142D5EB17000E3BA11 /* Lab1_Kevin_Bhangu */;
			targetProxy = 6F0285262D5EB17100E3BA11 /* PBXContainerItemProxy */;
		};
		6F0285312D5EB17100E3BA11 /* PBXTargetDependency */ = {
			isa = PBXTargetDependency;
			target = 6F0285142D5EB17000E3BA11 /* Lab1_Kevin_Bhangu */;
			targetProxy = 6F0285302D5EB17100E3BA11 /* PBXContainerItemProxy */;
		};
/* End PBXTargetDependency section */

/* Begin XCBuildConfiguration section */
		6F0285372D5EB17200E3BA11 /* Debug */ = {
			isa = XCBuildConfiguration;
			buildSettings = {
				ALWAYS_SEARCH_USER_PATHS = NO;
				ASSETCATALOG_COMPILER_GENERATE_SWIFT_ASSET_SYMBOL_EXTENSIONS = YES;
				CLANG_ANALYZER_NONNULL = YES;
				CLANG_ANALYZER_NUMBER_OBJECT_CONVERSION = YES_AGGRESSIVE;
				CLANG_CXX_LANGUAGE_STANDARD = "gnu++20";
				CLANG_ENABLE_MODULES = YES;
				CLANG_ENABLE_OBJC_ARC = YES;
				CLANG_ENABLE_OBJC_WEAK = YES;
				CLANG_WARN_BLOCK_CAPTURE_AUTORELEASING = YES;
				CLANG_WARN_BOOL_CONVERSION = YES;
				CLANG_WARN_COMMA = YES;
				CLANG_WARN_CONSTANT_CONVERSION = YES;
				CLANG_WARN_DEPRECATED_OBJC_IMPLEMENTATIONS = YES;
				CLANG_WARN_DIRECT_OBJC_ISA_USAGE = YES_ERROR;
				CLANG_WARN_DOCUMENTATION_COMMENTS = YES;
				CLANG_WARN_EMPTY_BODY = YES;
				CLANG_WARN_ENUM_CONVERSION = YES;
				CLANG_WARN_INFINITE_RECURSION = YES;
				CLANG_WARN_INT_CONVERSION = YES;
				CLANG_WARN_NON_LITERAL_NULL_CONVERSION = YES;
				CLANG_WARN_OBJC_IMPLICIT_RETAIN_SELF = YES;
				CLANG_WARN_OBJC_LITERAL_CONVERSION = YES;
				CLANG_WARN_OBJC_ROOT_CLASS = YES_ERROR;
				CLANG_WARN_QUOTED_INCLUDE_IN_FRAMEWORK_HEADER = YES;
				CLANG_WARN_RANGE_LOOP_ANALYSIS = YES;
				CLANG_WARN_STRICT_PROTOTYPES = YES;
				CLANG_WARN_SUSPICIOUS_MOVE = YES;
				CLANG_WARN_UNGUARDED_AVAILABILITY = YES_AGGRESSIVE;
				CLANG_WARN_UNREACHABLE_CODE = YES;
				CLANG_WARN__DUPLICATE_METHOD_MATCH = YES;
				COPY_PHASE_STRIP = NO;
				DEBUG_INFORMATION_FORMAT = dwarf;
				ENABLE_STRICT_OBJC_MSGSEND = YES;
				ENABLE_TESTABILITY = YES;
				ENABLE_USER_SCRIPT_SANDBOXING = YES;
				GCC_C_LANGUAGE_STANDARD = gnu17;
				GCC_DYNAMIC_NO_PIC = NO;
				GCC_NO_COMMON_BLOCKS = YES;
				GCC_OPTIMIZATION_LEVEL = 0;
				GCC_PREPROCESSOR_DEFINITIONS = (
					"DEBUG=1",
					"$(inherited)",
				);
				GCC_WARN_64_TO_32_BIT_CONVERSION = YES;
				GCC_WARN_ABOUT_RETURN_TYPE = YES_ERROR;
				GCC_WARN_UNDECLARED_SELECTOR = YES;
				GCC_WARN_UNINITIALIZED_AUTOS = YES_AGGRESSIVE;
				GCC_WARN_UNUSED_FUNCTION = YES;
				GCC_WARN_UNUSED_VARIABLE = YES;
				IPHONEOS_DEPLOYMENT_TARGET = 17.5;
				LOCALIZATION_PREFERS_STRING_CATALOGS = YES;
				MTL_ENABLE_DEBUG_INFO = INCLUDE_SOURCE;
				MTL_FAST_MATH = YES;
				ONLY_ACTIVE_ARCH = YES;
				SDKROOT = iphoneos;
				SWIFT_ACTIVE_COMPILATION_CONDITIONS = "DEBUG $(inherited)";
				SWIFT_OPTIMIZATION_LEVEL = "-Onone";
			};
			name = Debug;
		};
		6F0285382D5EB17200E3BA11 /* Release */ = {
			isa = XCBuildConfiguration;
			buildSettings = {
				ALWAYS_SEARCH_USER_PATHS = NO;
				ASSETCATALOG_COMPILER_GENERATE_SWIFT_ASSET_SYMBOL_EXTENSIONS = YES;
				CLANG_ANALYZER_NONNULL = YES;
				CLANG_ANALYZER_NUMBER_OBJECT_CONVERSION = YES_AGGRESSIVE;
				CLANG_CXX_LANGUAGE_STANDARD = "gnu++20";
				CLANG_ENABLE_MODULES = YES;
				CLANG_ENABLE_OBJC_ARC = YES;
				CLANG_ENABLE_OBJC_WEAK = YES;
				CLANG_WARN_BLOCK_CAPTURE_AUTORELEASING = YES;
				CLANG_WARN_BOOL_CONVERSION = YES;
				CLANG_WARN_COMMA = YES;
				CLANG_WARN_CONSTANT_CONVERSION = YES;
				CLANG_WARN_DEPRECATED_OBJC_IMPLEMENTATIONS = YES;
				CLANG_WARN_DIRECT_OBJC_ISA_USAGE = YES_ERROR;
				CLANG_WARN_DOCUMENTATION_COMMENTS = YES;
				CLANG_WARN_EMPTY_BODY = YES;
				CLANG_WARN_ENUM_CONVERSION = YES;
				CLANG_WARN_INFINITE_RECURSION = YES;
				CLANG_WARN_INT_CONVERSION = YES;
				CLANG_WARN_NON_LITERAL_NULL_CONVERSION = YES;
				CLANG_WARN_OBJC_IMPLICIT_RETAIN_SELF = YES;
				CLANG_WARN_OBJC_LITERAL_CONVERSION = YES;
				CLANG_WARN_OBJC_ROOT_CLASS = YES_ERROR;
				CLANG_WARN_QUOTED_INCLUDE_IN_FRAMEWORK_HEADER = YES;
				CLANG_WARN_RANGE_LOOP_ANALYSIS = YES;
				CLANG_WARN_STRICT_PROTOTYPES = YES;
				CLANG_WARN_SUSPICIOUS_MOVE = YES;
				CLANG_WARN_UNGUARDED_AVAILABILITY = YES_AGGRESSIVE;
				CLANG_WARN_UNREACHABLE_CODE = YES;
				CLANG_WARN__DUPLICATE_METHOD_MATCH = YES;
				COPY_PHASE_STRIP = NO;
				DEBUG_INFORMATION_FORMAT = "dwarf-with-dsym";
				ENABLE_NS_ASSERTIONS = NO;
				ENABLE_STRICT_OBJC_MSGSEND = YES;
				ENABLE_USER_SCRIPT_SANDBOXING = YES;
				GCC_C_LANGUAGE_STANDARD = gnu17;
				GCC_NO_COMMON_BLOCKS = YES;
				GCC_WARN_64_TO_32_BIT_CONVERSION = YES;
				GCC_WARN_ABOUT_RETURN_TYPE = YES_ERROR;
				GCC_WARN_UNDECLARED_SELECTOR = YES;
				GCC_WARN_UNINITIALIZED_AUTOS = YES_AGGRESSIVE;
				GCC_WARN_UNUSED_FUNCTION = YES;
				GCC_WARN_UNUSED_VARIABLE = YES;
				IPHONEOS_DEPLOYMENT_TARGET = 17.5;
				LOCALIZATION_PREFERS_STRING_CATALOGS = YES;
				MTL_ENABLE_DEBUG_INFO = NO;
				MTL_FAST_MATH = YES;
				SDKROOT = iphoneos;
				SWIFT_COMPILATION_MODE = wholemodule;
				VALIDATE_PRODUCT = YES;
			};
			name = Release;
		};
		6F02853A2D5EB17200E3BA11 /* Debug */ = {
			isa = XCBuildConfiguration;
			buildSettings = {
				ASSETCATALOG_COMPILER_APPICON_NAME = AppIcon;
				ASSETCATALOG_COMPILER_GLOBAL_ACCENT_COLOR_NAME = AccentColor;
				CODE_SIGN_STYLE = Automatic;
				CURRENT_PROJECT_VERSION = 1;
				DEVELOPMENT_ASSET_PATHS = "\"Lab1_Kevin_Bhangu/Preview Content\"";
				ENABLE_PREVIEWS = YES;
				GENERATE_INFOPLIST_FILE = YES;
				INFOPLIST_KEY_UIApplicationSceneManifest_Generation = YES;
				INFOPLIST_KEY_UIApplicationSupportsIndirectInputEvents = YES;
				INFOPLIST_KEY_UILaunchScreen_Generation = YES;
				INFOPLIST_KEY_UISupportedInterfaceOrientations_iPad = "UIInterfaceOrientationPortrait UIInterfaceOrientationPortraitUpsideDown UIInterfaceOrientationLandscapeLeft UIInterfaceOrientationLandscapeRight";
				INFOPLIST_KEY_UISupportedInterfaceOrientations_iPhone = "UIInterfaceOrientationPortrait UIInterfaceOrientationLandscapeLeft UIInterfaceOrientationLandscapeRight";
				LD_RUNPATH_SEARCH_PATHS = (
					"$(inherited)",
					"@executable_path/Frameworks",
				);
				MARKETING_VERSION = 1.0;
				PRODUCT_BUNDLE_IDENTIFIER = "lab1.Lab1-Kevin-Bhangu";
				PRODUCT_NAME = "$(TARGET_NAME)";
				SWIFT_EMIT_LOC_STRINGS = YES;
				SWIFT_VERSION = 5.0;
				TARGETED_DEVICE_FAMILY = "1,2";
			};
			name = Debug;
		};
		6F02853B2D5EB17200E3BA11 /* Release */ = {
			isa = XCBuildConfiguration;
			buildSettings = {
				ASSETCATALOG_COMPILER_APPICON_NAME = AppIcon;
				ASSETCATALOG_COMPILER_GLOBAL_ACCENT_COLOR_NAME = AccentColor;
				CODE_SIGN_STYLE = Automatic;
				CURRENT_PROJECT_VERSION = 1;
				DEVELOPMENT_ASSET_PATHS = "\"Lab1_Kevin_Bhangu/Preview Content\"";
				ENABLE_PREVIEWS = YES;
				GENERATE_INFOPLIST_FILE = YES;
				INFOPLIST_KEY_UIApplicationSceneManifest_Generation = YES;
				INFOPLIST_KEY_UIApplicationSupportsIndirectInputEvents = YES;
				INFOPLIST_KEY_UILaunchScreen_Generation = YES;
				INFOPLIST_KEY_UISupportedInterfaceOrientations_iPad = "UIInterfaceOrientationPortrait UIInterfaceOrientationPortraitUpsideDown UIInterfaceOrientationLandscapeLeft UIInterfaceOrientationLandscapeRight";
				INFOPLIST_KEY_UISupportedInterfaceOrientations_iPhone = "UIInterfaceOrientationPortrait UIInterfaceOrientationLandscapeLeft UIInterfaceOrientationLandscapeRight";
				LD_RUNPATH_SEARCH_PATHS = (
					"$(inherited)",
					"@executable_path/Frameworks",
				);
				MARKETING_VERSION = 1.0;
				PRODUCT_BUNDLE_IDENTIFIER = "lab1.Lab1-Kevin-Bhangu";
				PRODUCT_NAME = "$(TARGET_NAME)";
				SWIFT_EMIT_LOC_STRINGS = YES;
				SWIFT_VERSION = 5.0;
				TARGETED_DEVICE_FAMILY = "1,2";
			};
			name = Release;
		};
		6F02853D2D5EB17200E3BA11 /* Debug */ = {
			isa = XCBuildConfiguration;
			buildSettings = {
				ALWAYS_EMBED_SWIFT_STANDARD_LIBRARIES = YES;
				BUNDLE_LOADER = "$(TEST_HOST)";
				CODE_SIGN_STYLE = Automatic;
				CURRENT_PROJECT_VERSION = 1;
				GENERATE_INFOPLIST_FILE = YES;
				IPHONEOS_DEPLOYMENT_TARGET = 17.5;
				MARKETING_VERSION = 1.0;
				PRODUCT_BUNDLE_IDENTIFIER = "lab1.Lab1-Kevin-BhanguTests";
				PRODUCT_NAME = "$(TARGET_NAME)";
				SWIFT_EMIT_LOC_STRINGS = NO;
				SWIFT_VERSION = 5.0;
				TARGETED_DEVICE_FAMILY = "1,2";
				TEST_HOST = "$(BUILT_PRODUCTS_DIR)/Lab1_Kevin_Bhangu.app/$(BUNDLE_EXECUTABLE_FOLDER_PATH)/Lab1_Kevin_Bhangu";
			};
			name = Debug;
		};
		6F02853E2D5EB17200E3BA11 /* Release */ = {
			isa = XCBuildConfiguration;
			buildSettings = {
				ALWAYS_EMBED_SWIFT_STANDARD_LIBRARIES = YES;
				BUNDLE_LOADER = "$(TEST_HOST)";
				CODE_SIGN_STYLE = Automatic;
				CURRENT_PROJECT_VERSION = 1;
				GENERATE_INFOPLIST_FILE = YES;
				IPHONEOS_DEPLOYMENT_TARGET = 17.5;
				MARKETING_VERSION = 1.0;
				PRODUCT_BUNDLE_IDENTIFIER = "lab1.Lab1-Kevin-BhanguTests";
				PRODUCT_NAME = "$(TARGET_NAME)";
				SWIFT_EMIT_LOC_STRINGS = NO;
				SWIFT_VERSION = 5.0;
				TARGETED_DEVICE_FAMILY = "1,2";
				TEST_HOST = "$(BUILT_PRODUCTS_DIR)/Lab1_Kevin_Bhangu.app/$(BUNDLE_EXECUTABLE_FOLDER_PATH)/Lab1_Kevin_Bhangu";
			};
			name = Release;
		};
		6F0285402D5EB17200E3BA11 /* Debug */ = {
			isa = XCBuildConfiguration;
			buildSettings = {
				ALWAYS_EMBED_SWIFT_STANDARD_LIBRARIES = YES;
				CODE_SIGN_STYLE = Automatic;
				CURRENT_PROJECT_VERSION = 1;
				GENERATE_INFOPLIST_FILE = YES;
				MARKETING_VERSION = 1.0;
				PRODUCT_BUNDLE_IDENTIFIER = "lab1.Lab1-Kevin-BhanguUITests";
				PRODUCT_NAME = "$(TARGET_NAME)";
				SWIFT_EMIT_LOC_STRINGS = NO;
				SWIFT_VERSION = 5.0;
				TARGETED_DEVICE_FAMILY = "1,2";
				TEST_TARGET_NAME = Lab1_Kevin_Bhangu;
			};
			name = Debug;
		};
		6F0285412D5EB17200E3BA11 /* Release */ = {
			isa = XCBuildConfiguration;
			buildSettings = {
				ALWAYS_EMBED_SWIFT_STANDARD_LIBRARIES = YES;
				CODE_SIGN_STYLE = Automatic;
				CURRENT_PROJECT_VERSION = 1;
				GENERATE_INFOPLIST_FILE = YES;
				MARKETING_VERSION = 1.0;
				PRODUCT_BUNDLE_IDENTIFIER = "lab1.Lab1-Kevin-BhanguUITests";
				PRODUCT_NAME = "$(TARGET_NAME)";
				SWIFT_EMIT_LOC_STRINGS = NO;
				SWIFT_VERSION = 5.0;
				TARGETED_DEVICE_FAMILY = "1,2";
				TEST_TARGET_NAME = Lab1_Kevin_Bhangu;
			};
			name = Release;
		};
/* End XCBuildConfiguration section */

/* Begin XCConfigurationList section */
		6F0285102D5EB17000E3BA11 /* Build configuration list for PBXProject "Lab1_Kevin_Bhangu" */ = {
			isa = XCConfigurationList;
			buildConfigurations = (
				6F0285372D5EB17200E3BA11 /* Debug */,
				6F0285382D5EB17200E3BA11 /* Release */,
			);
			defaultConfigurationIsVisible = 0;
			defaultConfigurationName = Release;
		};
		6F0285392D5EB17200E3BA11 /* Build configuration list for PBXNativeTarget "Lab1_Kevin_Bhangu" */ = {
			isa = XCConfigurationList;
			buildConfigurations = (
				6F02853A2D5EB17200E3BA11 /* Debug */,
				6F02853B2D5EB17200E3BA11 /* Release */,
			);
			defaultConfigurationIsVisible = 0;
			defaultConfigurationName = Release;
		};
		6F02853C2D5EB17200E3BA11 /* Build configuration list for PBXNativeTarget "Lab1_Kevin_BhanguTests" */ = {
			isa = XCConfigurationList;
			buildConfigurations = (
				6F02853D2D5EB17200E3BA11 /* Debug */,
				6F02853E2D5EB17200E3BA11 /* Release */,
			);
			defaultConfigurationIsVisible = 0;
			defaultConfigurationName = Release;
		};
		6F02853F2D5EB17200E3BA11 /* Build configuration list for PBXNativeTarget "Lab1_Kevin_BhanguUITests" */ = {
			isa = XCConfigurationList;
			buildConfigurations = (
				6F0285402D5EB17200E3BA11 /* Debug */,
				6F0285412D5EB17200E3BA11 /* Release */,
			);
			defaultConfigurationIsVisible = 0;
			defaultConfigurationName = Release;
		};
/* End XCConfigurationList section */
	};
	rootObject = 6F02850D2D5EB17000E3BA11 /* Project object */;
}
